
Microsoft Visual Studio Solution File, Format Version 12.00
# Visual Studio Version 17
VisualStudioVersion = 17.11.35327.3
MinimumVisualStudioVersion = 10.0.40219.1
Project("{FAE04EC0-301F-11D3-BF4B-00C04F79EFBC}") = "LMS-cs", "LMS-cs\LMS-cs.csproj", "{530BAEEB-9340-4072-B062-ED40CFE8338D}"
EndProject
Global
	GlobalSection(SolutionConfigurationPlatforms) = preSolution
		Debug|Any CPU = Debug|Any CPU
		Release|Any CPU = Release|Any CPU
	EndGlobalSection
	GlobalSection(ProjectConfigurationPlatforms) = postSolution
		{530BAEEB-9340-4072-B062-ED40CFE8338D}.Debug|Any CPU.ActiveCfg = Debug|Any CPU
		{530BAEEB-9340-4072-B062-ED40CFE8338D}.Debug|Any CPU.Build.0 = Debug|Any CPU
		{530BAEEB-9340-4072-B062-ED40CFE8338D}.Release|Any CPU.ActiveCfg = Release|Any CPU
		{530BAEEB-9340-4072-B062-ED40CFE8338D}.Release|Any CPU.Build.0 = Release|Any CPU
	EndGlobalSection
	GlobalSection(SolutionProperties) = preSolution
		HideSolutionNode = FALSE
	EndGlobalSection
	GlobalSection(ExtensibilityGlobals) = postSolution
		SolutionGuid = {9C1AA389-7641-43C9-A4C1-E6184BFF7FCB}
	EndGlobalSection
EndGlobal
